<?xml version="1.0" encoding="utf-8"?>
<Project ToolsVersion="4.0" xmlns="http://schemas.microsoft.com/developer/msbuild/2003">
  <ItemGroup>
    <Filter Include="Source Files">
      <UniqueIdentifier>{4FC737F1-C7A5-4376-A066-2A32D752A2FF}</UniqueIdentifier>
      <Extensions>cpp;c;cc;cxx;c++;cppm;ixx;def;odl;idl;hpj;bat;asm;asmx</Extensions>
    </Filter>
    <Filter Include="Header Files">
      <UniqueIdentifier>{93995380-89BD-4b04-88EB-625FBE52EBFB}</UniqueIdentifier>
      <Extensions>h;hh;hpp;hxx;h++;hm;inl;inc;ipp;xsd</Extensions>
    </Filter>
    <Filter Include="Resource Files">
      <UniqueIdentifier>{67DA6AB6-F800-4c08-8B7A-83BB121AAD01}</UniqueIdentifier>
      <Extensions>rc;ico;cur;bmp;dlg;rc2;rct;bin;rgs;gif;jpg;jpeg;jpe;resx;tiff;tif;png;wav;mfcribbon-ms</Extensions>
    </Filter>
    <Filter Include="Header Files\common">
      <UniqueIdentifier>{9bb57434-eec6-455e-ba77-1cf6055fb6b3}</UniqueIdentifier>
    </Filter>
    <Filter Include="Source Files\common">
      <UniqueIdentifier>{cc4500b6-5367-48da-9bcb-f91a2aea4dba}</UniqueIdentifier>
    </Filter>
    <Filter Include="Source Files\client">
      <UniqueIdentifier>{2f48269e-d68f-4c62-93f7-a9a284a3ae04}</UniqueIdentifier>
    </Filter>
    <Filter Include="Source Files\server">
      <UniqueIdentifier>{041fda92-7c26-439b-b98c-3c520b1526ef}</UniqueIdentifier>
    </Filter>
    <Filter Include="Header Files\tests">
      <UniqueIdentifier>{50530e48-4617-4e86-8672-04b9cbb8b295}</UniqueIdentifier>
    </Filter>
    <Filter Include="Source Files\tests">
      <UniqueIdentifier>{8c2ae85e-797d-4959-900d-4fada3f0efc6}</UniqueIdentifier>
    </Filter>
  </ItemGroup>
  <ItemGroup>
    <ClInclude Include="tests.h">
      <Filter>Header Files\tests</Filter>
    </ClInclude>
    <ClInclude Include="common-win.h">
      <Filter>Header Files\common</Filter>
    </ClInclude>
    <ClInclude Include="common.h">
      <Filter>Header Files\common</Filter>
    </ClInclude>
  </ItemGroup>
  <ItemGroup>
    <ClCompile Include="main.cpp">
      <Filter>Source Files</Filter>
    </ClCompile>
    <ClCompile Include="test-win.cpp">
      <Filter>Source Files\tests</Filter>
    </ClCompile>
    <ClCompile Include="common.cpp">
      <Filter>Source Files\common</Filter>
    </ClCompile>
    <ClCompile Include="udp-client.cpp">
      <Filter>Source Files\client</Filter>
    </ClCompile>
    <ClCompile Include="udp-server.cpp">
      <Filter>Source Files\server</Filter>
    </ClCompile>
  </ItemGroup>
</Project>